{
  "name": "phone-parse-function",
  "version": "1.0.0",
  "lockfileVersion": 3,
  "requires": true,
  "packages": {
    "": {
      "name": "phone-parse-function",
      "version": "1.0.0",
      "dependencies": {
        "i18n-iso-countries": "^7.12.0",
        "libphonenumber-js": "^1.11.11"
      }
    },
    "node_modules/diacritics": {
      "version": "1.3.0",
      "resolved": "https://registry.npmjs.org/diacritics/-/diacritics-1.3.0.tgz",
      "integrity": "sha512-wlwEkqcsaxvPJML+rDh/2iS824jbREk6DUMUKkEaSlxdYHeS43cClJtsWglvw2RfeXGm6ohKDqsXteJ5sP5enA=="
    },
    "node_modules/i18n-iso-countries": {
      "version": "7.12.0",
      "resolved": "https://registry.npmjs.org/i18n-iso-countries/-/i18n-iso-countries-7.12.0.tgz",
      "integrity": "sha512-NDFf5j/raA5JrcPT/NcHP3RUMH7TkdkxQKAKdvDlgb+MS296WJzzqvV0Y5uwavSm7A6oYvBeSV0AxoHdDiHIiw==",
      "dependencies": {
        "diacritics": "1.3.0"
      },
      "engines": {
        "node": ">= 12"
      }
    },
    "node_modules/libphonenumber-js": {
      "version": "1.11.11",
      "resolved": "https://registry.npmjs.org/libphonenumber-js/-/libphonenumber-js-1.11.11.tgz",
      "integrity": "sha512-mF3KaORjJQR6JBNcOkluDcJKhtoQT4VTLRMrX1v/wlBayL4M8ybwEDeryyPcrSEJmD0rVwHUbBarpZwN5NfPFQ=="
    }
  }
}
